{
  "version": 4,
  "terraform_version": "1.3.9",
  "serial": 7,
  "lineage": "66cb7ca3-f309-0060-0c7f-f5df2beaa5d6",
  "outputs": {
    "outbound_ip_addresses": {
      "value": "20.238.240.222,20.238.240.232,20.238.240.234,20.238.240.236,20.31.47.225,20.31.47.171,20.105.232.16",
      "type": "string"
    }
  },
  "resources": [
    {
      "mode": "managed",
      "type": "azurerm_app_service",
      "name": "AirflowAppService",
      "provider": "provider[\"registry.terraform.io/hashicorp/azurerm\"]",
      "instances": [
        {
          "schema_version": 0,
          "attributes": {
            "app_service_plan_id": "/subscriptions/d700269a-8fd9-4a2d-9b33-75dcd21681de/resourceGroups/airflow/providers/Microsoft.Web/serverfarms/airflow-appserviceplan-93383",
            "app_settings": {
              "AIRFLOW__CORE__LOAD_EXAMPLES": "true",
              "AIRFLOW__CORE__SQL_ALCHEMY_CONN": "postgresql://sqladmin@airflow-psqlserver:Masterkey2023#@airflow-psqlserver.postgres.database.azure.com:5432/airflowdb",
              "WEBSITES_ENABLE_APP_SERVICE_STORAGE": "true"
            },
            "auth_settings": [
              {
                "active_directory": [],
                "additional_login_params": {},
                "allowed_external_redirect_urls": [],
                "default_provider": "",
                "enabled": false,
                "facebook": [],
                "google": [],
                "issuer": "",
                "microsoft": [],
                "runtime_version": "",
                "token_refresh_extension_hours": 0,
                "token_store_enabled": false,
                "twitter": [],
                "unauthenticated_client_action": ""
              }
            ],
            "backup": [],
            "client_affinity_enabled": false,
            "client_cert_enabled": false,
            "client_cert_mode": "Required",
            "connection_string": [],
            "custom_domain_verification_id": "B631B20F2E0C026E1458C6A9BC9063FD8FA41B446C7CC5E9F3EC2F358F2D2457",
            "default_site_hostname": "airflow-appservice-93383.azurewebsites.net",
            "enabled": true,
            "https_only": false,
            "id": "/subscriptions/d700269a-8fd9-4a2d-9b33-75dcd21681de/resourceGroups/airflow/providers/Microsoft.Web/sites/airflow-appservice-93383",
            "identity": [
              {
                "identity_ids": null,
                "principal_id": "9e01c89d-bc2d-4f41-b297-4e0e4f71ee9f",
                "tenant_id": "4bf38ea2-832d-4552-b508-421570da43ff",
                "type": "SystemAssigned"
              }
            ],
            "key_vault_reference_identity_id": "SystemAssigned",
            "location": "westeurope",
            "logs": [
              {
                "application_logs": [
                  {
                    "azure_blob_storage": [],
                    "file_system_level": "Off"
                  }
                ],
                "detailed_error_messages_enabled": false,
                "failed_request_tracing_enabled": false,
                "http_logs": [
                  {
                    "azure_blob_storage": [],
                    "file_system": []
                  }
                ]
              }
            ],
            "name": "airflow-appservice-93383",
            "outbound_ip_address_list": [
              "20.238.240.222",
              "20.238.240.232",
              "20.238.240.234",
              "20.238.240.236",
              "20.31.47.225",
              "20.31.47.171",
              "20.105.232.16"
            ],
            "outbound_ip_addresses": "20.238.240.222,20.238.240.232,20.238.240.234,20.238.240.236,20.31.47.225,20.31.47.171,20.105.232.16",
            "possible_outbound_ip_address_list": [
              "20.238.240.222",
              "20.238.240.232",
              "20.238.240.234",
              "20.238.240.236",
              "20.31.47.225",
              "20.31.47.171",
              "20.31.43.8",
              "20.31.42.62",
              "20.31.47.232",
              "20.238.240.185",
              "20.238.240.104",
              "20.31.47.235",
              "20.31.47.237",
              "20.31.47.238",
              "20.238.240.149",
              "20.238.240.42",
              "20.238.240.151",
              "20.238.240.153",
              "20.238.240.106",
              "20.123.238.232",
              "20.31.41.31",
              "20.31.45.65",
              "20.31.42.202",
              "20.31.43.51",
              "20.105.232.16"
            ],
            "possible_outbound_ip_addresses": "20.238.240.222,20.238.240.232,20.238.240.234,20.238.240.236,20.31.47.225,20.31.47.171,20.31.43.8,20.31.42.62,20.31.47.232,20.238.240.185,20.238.240.104,20.31.47.235,20.31.47.237,20.31.47.238,20.238.240.149,20.238.240.42,20.238.240.151,20.238.240.153,20.238.240.106,20.123.238.232,20.31.41.31,20.31.45.65,20.31.42.202,20.31.43.51,20.105.232.16",
            "resource_group_name": "airflow",
            "site_config": [
              {
                "acr_use_managed_identity_credentials": false,
                "acr_user_managed_identity_client_id": "",
                "always_on": true,
                "app_command_line": "",
                "auto_swap_slot_name": "",
                "cors": [
                  {
                    "allowed_origins": [],
                    "support_credentials": false
                  }
                ],
                "default_documents": null,
                "dotnet_framework_version": "v4.0",
                "ftps_state": "AllAllowed",
                "health_check_path": "",
                "http2_enabled": false,
                "ip_restriction": [],
                "java_container": "",
                "java_container_version": "",
                "java_version": "",
                "linux_fx_version": "DOCKER|puckel/docker-airflow:latest",
                "local_mysql_enabled": false,
                "managed_pipeline_mode": "Integrated",
                "min_tls_version": "1.2",
                "number_of_workers": 1,
                "php_version": "",
                "python_version": "",
                "remote_debugging_enabled": false,
                "remote_debugging_version": "VS2019",
                "scm_ip_restriction": [],
                "scm_type": "None",
                "scm_use_main_ip_restriction": false,
                "use_32_bit_worker_process": false,
                "vnet_route_all_enabled": false,
                "websockets_enabled": false,
                "windows_fx_version": ""
              }
            ],
            "site_credential": [
              {
                "password": "zTr29TcF7AKF2mcDDeaWGrZ1zGj74sxyRaiXLYH1dd00qqM46YPwnCiEmzEa",
                "username": "$airflow-appservice-93383"
              }
            ],
            "source_control": [
              {
                "branch": "master",
                "manual_integration": false,
                "repo_url": "",
                "rollback_enabled": false,
                "use_mercurial": false
              }
            ],
            "storage_account": [],
            "tags": null,
            "timeouts": null
          },
          "sensitive_attributes": [
            [
              {
                "type": "get_attr",
                "value": "app_settings"
              },
              {
                "type": "index",
                "value": {
                  "value": "AIRFLOW__CORE__SQL_ALCHEMY_CONN",
                  "type": "string"
                }
              }
            ]
          ],
          "private": "eyJlMmJmYjczMC1lY2FhLTExZTYtOGY4OC0zNDM2M2JjN2M0YzAiOnsiY3JlYXRlIjoxODAwMDAwMDAwMDAwLCJkZWxldGUiOjE4MDAwMDAwMDAwMDAsInJlYWQiOjMwMDAwMDAwMDAwMCwidXBkYXRlIjoxODAwMDAwMDAwMDAwfX0=",
          "dependencies": [
            "azurerm_app_service_plan.AirflowAppServicePlan",
            "azurerm_postgresql_database.PostgreSQLDatabase",
            "azurerm_postgresql_server.PostgreSQLServer",
            "azurerm_resource_group.AirflowResourceGroup"
          ]
        }
      ]
    },
    {
      "mode": "managed",
      "type": "azurerm_app_service_plan",
      "name": "AirflowAppServicePlan",
      "provider": "provider[\"registry.terraform.io/hashicorp/azurerm\"]",
      "instances": [
        {
          "schema_version": 0,
          "attributes": {
            "app_service_environment_id": "",
            "id": "/subscriptions/d700269a-8fd9-4a2d-9b33-75dcd21681de/resourceGroups/airflow/providers/Microsoft.Web/serverfarms/airflow-appserviceplan-93383",
            "is_xenon": false,
            "kind": "linux",
            "location": "westeurope",
            "maximum_elastic_worker_count": 1,
            "maximum_number_of_workers": 10,
            "name": "airflow-appserviceplan-93383",
            "per_site_scaling": false,
            "reserved": true,
            "resource_group_name": "airflow",
            "sku": [
              {
                "capacity": 1,
                "size": "S1",
                "tier": "Standard"
              }
            ],
            "tags": null,
            "timeouts": null,
            "zone_redundant": false
          },
          "sensitive_attributes": [],
          "private": "eyJlMmJmYjczMC1lY2FhLTExZTYtOGY4OC0zNDM2M2JjN2M0YzAiOnsiY3JlYXRlIjozNjAwMDAwMDAwMDAwLCJkZWxldGUiOjM2MDAwMDAwMDAwMDAsInJlYWQiOjMwMDAwMDAwMDAwMCwidXBkYXRlIjozNjAwMDAwMDAwMDAwfX0=",
          "dependencies": [
            "azurerm_resource_group.AirflowResourceGroup"
          ]
        }
      ]
    },
    {
      "mode": "managed",
      "type": "azurerm_postgresql_database",
      "name": "PostgreSQLDatabase",
      "provider": "provider[\"registry.terraform.io/hashicorp/azurerm\"]",
      "instances": [
        {
          "schema_version": 0,
          "attributes": {
            "charset": "UTF8",
            "collation": "English_United States.1252",
            "id": "/subscriptions/d700269a-8fd9-4a2d-9b33-75dcd21681de/resourceGroups/airflow/providers/Microsoft.DBforPostgreSQL/servers/airflow-psqlserver/databases/airflowdb",
            "name": "airflowdb",
            "resource_group_name": "airflow",
            "server_name": "airflow-psqlserver",
            "timeouts": null
          },
          "sensitive_attributes": [],
          "private": "eyJlMmJmYjczMC1lY2FhLTExZTYtOGY4OC0zNDM2M2JjN2M0YzAiOnsiY3JlYXRlIjozNjAwMDAwMDAwMDAwLCJkZWxldGUiOjM2MDAwMDAwMDAwMDAsInJlYWQiOjMwMDAwMDAwMDAwMCwidXBkYXRlIjozNjAwMDAwMDAwMDAwfX0=",
          "dependencies": [
            "azurerm_postgresql_server.PostgreSQLServer",
            "azurerm_resource_group.AirflowResourceGroup"
          ]
        }
      ]
    },
    {
      "mode": "managed",
      "type": "azurerm_postgresql_firewall_rule",
      "name": "PostgreSQLServerFireWallRules",
      "provider": "provider[\"registry.terraform.io/hashicorp/azurerm\"]",
      "instances": [
        {
          "schema_version": 0,
          "attributes": {
            "end_ip_address": "255.255.255.255",
            "id": "/subscriptions/d700269a-8fd9-4a2d-9b33-75dcd21681de/resourceGroups/airflow/providers/Microsoft.DBforPostgreSQL/servers/airflow-psqlserver/firewallRules/office",
            "name": "office",
            "resource_group_name": "airflow",
            "server_name": "airflow-psqlserver",
            "start_ip_address": "0.0.0.0",
            "timeouts": null
          },
          "sensitive_attributes": [],
          "private": "eyJlMmJmYjczMC1lY2FhLTExZTYtOGY4OC0zNDM2M2JjN2M0YzAiOnsiY3JlYXRlIjoxODAwMDAwMDAwMDAwLCJkZWxldGUiOjE4MDAwMDAwMDAwMDAsInJlYWQiOjMwMDAwMDAwMDAwMCwidXBkYXRlIjoxODAwMDAwMDAwMDAwfX0=",
          "dependencies": [
            "azurerm_postgresql_server.PostgreSQLServer",
            "azurerm_resource_group.AirflowResourceGroup"
          ]
        }
      ]
    },
    {
      "mode": "managed",
      "type": "azurerm_postgresql_server",
      "name": "PostgreSQLServer",
      "provider": "provider[\"registry.terraform.io/hashicorp/azurerm\"]",
      "instances": [
        {
          "schema_version": 0,
          "attributes": {
            "administrator_login": "sqladmin",
            "administrator_login_password": "Masterkey2023#",
            "auto_grow_enabled": true,
            "backup_retention_days": 7,
            "create_mode": "Default",
            "creation_source_server_id": null,
            "fqdn": "airflow-psqlserver.postgres.database.azure.com",
            "geo_redundant_backup_enabled": false,
            "id": "/subscriptions/d700269a-8fd9-4a2d-9b33-75dcd21681de/resourceGroups/airflow/providers/Microsoft.DBforPostgreSQL/servers/airflow-psqlserver",
            "identity": [],
            "infrastructure_encryption_enabled": false,
            "location": "westeurope",
            "name": "airflow-psqlserver",
            "public_network_access_enabled": true,
            "resource_group_name": "airflow",
            "restore_point_in_time": null,
            "sku_name": "B_Gen5_2",
            "ssl_enforcement": "Enabled",
            "ssl_enforcement_enabled": true,
            "ssl_minimal_tls_version_enforced": "TLSEnforcementDisabled",
            "storage_mb": 5120,
            "storage_profile": [
              {
                "auto_grow": "Enabled",
                "backup_retention_days": 7,
                "geo_redundant_backup": "Disabled",
                "storage_mb": 5120
              }
            ],
            "tags": null,
            "threat_detection_policy": [],
            "timeouts": null,
            "version": "11"
          },
          "sensitive_attributes": [],
          "private": "eyJlMmJmYjczMC1lY2FhLTExZTYtOGY4OC0zNDM2M2JjN2M0YzAiOnsiY3JlYXRlIjozNjAwMDAwMDAwMDAwLCJkZWxldGUiOjM2MDAwMDAwMDAwMDAsInJlYWQiOjMwMDAwMDAwMDAwMCwidXBkYXRlIjozNjAwMDAwMDAwMDAwfX0=",
          "dependencies": [
            "azurerm_resource_group.AirflowResourceGroup"
          ]
        }
      ]
    },
    {
      "mode": "managed",
      "type": "azurerm_resource_group",
      "name": "AirflowResourceGroup",
      "provider": "provider[\"registry.terraform.io/hashicorp/azurerm\"]",
      "instances": [
        {
          "schema_version": 0,
          "attributes": {
            "id": "/subscriptions/d700269a-8fd9-4a2d-9b33-75dcd21681de/resourceGroups/airflow",
            "location": "westeurope",
            "name": "airflow",
            "tags": null,
            "timeouts": null
          },
          "sensitive_attributes": [],
          "private": "eyJlMmJmYjczMC1lY2FhLTExZTYtOGY4OC0zNDM2M2JjN2M0YzAiOnsiY3JlYXRlIjo1NDAwMDAwMDAwMDAwLCJkZWxldGUiOjU0MDAwMDAwMDAwMDAsInJlYWQiOjMwMDAwMDAwMDAwMCwidXBkYXRlIjo1NDAwMDAwMDAwMDAwfX0="
        }
      ]
    }
  ],
  "check_results": null
}
